
Microsoft Visual Studio Solution File, Format Version 12.00
# Visual Studio Version 16
VisualStudioVersion = 16.0.29009.5
MinimumVisualStudioVersion = 10.0.40219.1
Project("{FAE04EC0-301F-11D3-BF4B-00C04F79EFBC}") = "project14", "project14\project14.csproj", "{9EE0ED57-CA7E-40D9-A24A-DFBD730BF52F}"
EndProject
Global
	GlobalSection(SolutionConfigurationPlatforms) = preSolution
		Debug|Any CPU = Debug|Any CPU
		Release|Any CPU = Release|Any CPU
	EndGlobalSection
	GlobalSection(ProjectConfigurationPlatforms) = postSolution
		{9EE0ED57-CA7E-40D9-A24A-DFBD730BF52F}.Debug|Any CPU.ActiveCfg = Debug|Any CPU
		{9EE0ED57-CA7E-40D9-A24A-DFBD730BF52F}.Debug|Any CPU.Build.0 = Debug|Any CPU
		{9EE0ED57-CA7E-40D9-A24A-DFBD730BF52F}.Release|Any CPU.ActiveCfg = Release|Any CPU
		{9EE0ED57-CA7E-40D9-A24A-DFBD730BF52F}.Release|Any CPU.Build.0 = Release|Any CPU
	EndGlobalSection
	GlobalSection(SolutionProperties) = preSolution
		HideSolutionNode = FALSE
	EndGlobalSection
	GlobalSection(ExtensibilityGlobals) = postSolution
		SolutionGuid = {361A4C8C-B161-405F-9017-2C4B99DDFE03}
	EndGlobalSection
EndGlobal
