
Microsoft Visual Studio Solution File, Format Version 12.00
# Visual Studio Version 16
VisualStudioVersion = 16.0.29009.5
MinimumVisualStudioVersion = 10.0.40219.1
Project("{FAE04EC0-301F-11D3-BF4B-00C04F79EFBC}") = "Hello World", "Hello World\Hello World.csproj", "{BC348589-B0DB-4414-AE1C-D6A12AF8717E}"
EndProject
Global
	GlobalSection(SolutionConfigurationPlatforms) = preSolution
		Debug|Any CPU = Debug|Any CPU
		Release|Any CPU = Release|Any CPU
	EndGlobalSection
	GlobalSection(ProjectConfigurationPlatforms) = postSolution
		{BC348589-B0DB-4414-AE1C-D6A12AF8717E}.Debug|Any CPU.ActiveCfg = Debug|Any CPU
		{BC348589-B0DB-4414-AE1C-D6A12AF8717E}.Debug|Any CPU.Build.0 = Debug|Any CPU
		{BC348589-B0DB-4414-AE1C-D6A12AF8717E}.Release|Any CPU.ActiveCfg = Release|Any CPU
		{BC348589-B0DB-4414-AE1C-D6A12AF8717E}.Release|Any CPU.Build.0 = Release|Any CPU
	EndGlobalSection
	GlobalSection(SolutionProperties) = preSolution
		HideSolutionNode = FALSE
	EndGlobalSection
	GlobalSection(ExtensibilityGlobals) = postSolution
		SolutionGuid = {E34A0DCB-F8B4-4161-BEBA-556D7188F720}
	EndGlobalSection
EndGlobal
