
Microsoft Visual Studio Solution File, Format Version 12.00
# Visual Studio Version 16
VisualStudioVersion = 16.0.29009.5
MinimumVisualStudioVersion = 10.0.40219.1
Project("{9A19103F-16F7-4668-BE54-9A1E7A4F7556}") = "project8", "project8\project8.csproj", "{3711D2EE-A232-40EB-A472-406A7163E380}"
EndProject
Project("{9A19103F-16F7-4668-BE54-9A1E7A4F7556}") = "project9", "project9\project9.csproj", "{D65F28E7-9902-43B9-8087-5AA4B4B4D942}"
EndProject
Global
	GlobalSection(SolutionConfigurationPlatforms) = preSolution
		Debug|Any CPU = Debug|Any CPU
		Release|Any CPU = Release|Any CPU
	EndGlobalSection
	GlobalSection(ProjectConfigurationPlatforms) = postSolution
		{3711D2EE-A232-40EB-A472-406A7163E380}.Debug|Any CPU.ActiveCfg = Debug|Any CPU
		{3711D2EE-A232-40EB-A472-406A7163E380}.Debug|Any CPU.Build.0 = Debug|Any CPU
		{3711D2EE-A232-40EB-A472-406A7163E380}.Release|Any CPU.ActiveCfg = Release|Any CPU
		{3711D2EE-A232-40EB-A472-406A7163E380}.Release|Any CPU.Build.0 = Release|Any CPU
		{D65F28E7-9902-43B9-8087-5AA4B4B4D942}.Debug|Any CPU.ActiveCfg = Debug|Any CPU
		{D65F28E7-9902-43B9-8087-5AA4B4B4D942}.Debug|Any CPU.Build.0 = Debug|Any CPU
		{D65F28E7-9902-43B9-8087-5AA4B4B4D942}.Release|Any CPU.ActiveCfg = Release|Any CPU
		{D65F28E7-9902-43B9-8087-5AA4B4B4D942}.Release|Any CPU.Build.0 = Release|Any CPU
	EndGlobalSection
	GlobalSection(SolutionProperties) = preSolution
		HideSolutionNode = FALSE
	EndGlobalSection
	GlobalSection(ExtensibilityGlobals) = postSolution
		SolutionGuid = {1B3DE584-F01A-48ED-94F2-E847EF480394}
	EndGlobalSection
EndGlobal
