
Microsoft Visual Studio Solution File, Format Version 12.00
# Visual Studio Version 16
VisualStudioVersion = 16.0.29009.5
MinimumVisualStudioVersion = 10.0.40219.1
Project("{FAE04EC0-301F-11D3-BF4B-00C04F79EFBC}") = "project4", "project4\project4.csproj", "{AAD00EC3-7FB1-4358-A8A7-D2EDEB5AE8A4}"
EndProject
Global
	GlobalSection(SolutionConfigurationPlatforms) = preSolution
		Debug|Any CPU = Debug|Any CPU
		Release|Any CPU = Release|Any CPU
	EndGlobalSection
	GlobalSection(ProjectConfigurationPlatforms) = postSolution
		{AAD00EC3-7FB1-4358-A8A7-D2EDEB5AE8A4}.Debug|Any CPU.ActiveCfg = Debug|Any CPU
		{AAD00EC3-7FB1-4358-A8A7-D2EDEB5AE8A4}.Debug|Any CPU.Build.0 = Debug|Any CPU
		{AAD00EC3-7FB1-4358-A8A7-D2EDEB5AE8A4}.Release|Any CPU.ActiveCfg = Release|Any CPU
		{AAD00EC3-7FB1-4358-A8A7-D2EDEB5AE8A4}.Release|Any CPU.Build.0 = Release|Any CPU
	EndGlobalSection
	GlobalSection(SolutionProperties) = preSolution
		HideSolutionNode = FALSE
	EndGlobalSection
	GlobalSection(ExtensibilityGlobals) = postSolution
		SolutionGuid = {2555A024-E222-4CA7-AABA-FBFFC261BB46}
	EndGlobalSection
EndGlobal
